# THIS IS AN AUTOGENERATED FILE. DO NOT EDIT THIS FILE DIRECTLY.
# yarn lockfile v1


react-native-known-styling-properties@^1.2.0:
  version "1.2.0"
  resolved "https://registry.yarnpkg.com/react-native-known-styling-properties/-/react-native-known-styling-properties-1.2.0.tgz#5370f87af605c6c516178bac4eb1493cdf160f36"
  integrity sha512-nrsxo8t1FjMJILe9hoRC1WtfXw7gBs/Cq7Gcts8soDDhN0RjoFu9bJtphJGYC2fs9B2ANYOdEoP4B4tiinkwgw==

stylelint-react-native@2.5.0:
  version "2.5.0"
  resolved "https://registry.yarnpkg.com/stylelint-react-native/-/stylelint-react-native-2.5.0.tgz#c9c5ab6d18dccf06700c4d742a6aba3eaec72b28"
  integrity sha512-1o7uUd3HKtjfvi2lRhP1hwKJHXRdLT6LAgpG8WnNyNBmuP2K61OWKIimXapVtW/bWmcXakSiANDHtfO9xrXbWg==
  dependencies:
    react-native-known-styling-properties "^1.2.0"
