# THIS IS AN AUTOGENERATED FILE. DO NOT EDIT THIS FILE DIRECTLY.
# yarn lockfile v1


"@linters/stylelint-config@^1.6.1":
  version "1.6.1"
  resolved "https://registry.yarnpkg.com/@linters/stylelint-config/-/stylelint-config-1.6.1.tgz#fc690bc4a1126fd3a44904dea4204a5a95c7e846"
  integrity sha512-z31UBXw8V0TTWsajSVroy81yposq1DGGQ76u4y7TIqG9cAYaXbijkMsDgUJ3vn1g8/YJzxZrZTZO+QdMGTsjfg==
