# THIS IS AN AUTOGENERATED FILE. DO NOT EDIT THIS FILE DIRECTLY.
# yarn lockfile v1


eslint-plugin-storybook@^0.1.1:
  version "0.1.1"
  resolved "https://registry.yarnpkg.com/eslint-plugin-storybook/-/eslint-plugin-storybook-0.1.1.tgz#a2bbbde1268f107c3d908558fbf4e53511764a16"
  integrity sha512-uNot2yOvx7/lpY+DRxWDKH/kgSmc1fxgF+vjuhpKBoLveewwPg54ab4EoPUhAUOBtC5qkln4EK0UftSFBOuPrw==
  dependencies:
    requireindex "~1.1.0"

requireindex@~1.1.0:
  version "1.1.0"
  resolved "https://registry.yarnpkg.com/requireindex/-/requireindex-1.1.0.tgz#e5404b81557ef75db6e49c5a72004893fe03e162"
  integrity sha1-5UBLgVV+91225JxacgBIk/4D4WI=
