# THIS IS AN AUTOGENERATED FILE. DO NOT EDIT THIS FILE DIRECTLY.
# yarn lockfile v1


create-eslint-index@^1.0.0:
  version "1.0.0"
  resolved "https://registry.yarnpkg.com/create-eslint-index/-/create-eslint-index-1.0.0.tgz#d954372d86d5792fcd67e9f2b791b1ab162411bb"
  integrity sha1-2VQ3LYbVeS/NZ+nyt5GxqxYkEbs=
  dependencies:
    lodash.get "^4.3.0"

eslint-plugin-ramda@2.5.1:
  version "2.5.1"
  resolved "https://registry.yarnpkg.com/eslint-plugin-ramda/-/eslint-plugin-ramda-2.5.1.tgz#36c2592300c383471aaac1ba26e9fca6f37a11b2"
  integrity sha512-1Uuyl5hMiyBNsn1F0Px0q8hGX95HC6CAzaEBeKngwixXwsbw+j98U7fatxDME8lUKyLPXuO5Ulon2QOcwVDrxw==
  dependencies:
    create-eslint-index "^1.0.0"
    ramda "0.25.0"
    req-all "^1.0.0"

lodash.get@^4.3.0:
  version "4.4.2"
  resolved "https://registry.yarnpkg.com/lodash.get/-/lodash.get-4.4.2.tgz#2d177f652fa31e939b4438d5341499dfa3825e99"
  integrity sha1-LRd/ZS+jHpObRDjVNBSZ36OCXpk=

ramda@0.25.0:
  version "0.25.0"
  resolved "https://registry.yarnpkg.com/ramda/-/ramda-0.25.0.tgz#8fdf68231cffa90bc2f9460390a0cb74a29b29a9"
  integrity sha512-GXpfrYVPwx3K7RQ6aYT8KPS8XViSXUVJT1ONhoKPE9VAleW42YE+U+8VEyGWt41EnEQW7gwecYJriTI0pKoecQ==

req-all@^1.0.0:
  version "1.0.0"
  resolved "https://registry.yarnpkg.com/req-all/-/req-all-1.0.0.tgz#d128569451c340b432409c656cf166260cd2628d"
  integrity sha1-0ShWlFHDQLQyQJxlbPFmJgzSYo0=
