# THIS IS AN AUTOGENERATED FILE. DO NOT EDIT THIS FILE DIRECTLY.
# yarn lockfile v1


"@eslint-community/eslint-utils@^4.1.2", "@eslint-community/eslint-utils@^4.5.0":
  version "4.9.1"
  resolved "https://registry.yarnpkg.com/@eslint-community/eslint-utils/-/eslint-utils-4.9.1.tgz#4e90af67bc51ddee6cdef5284edf572ec376b595"
  integrity sha512-phrYmNiYppR7znFEdqgfWHXR6NCkZEK7hwWDHZUjit/2/U0r6XvkDl0SYnoM51Hq7FhCGdLDT6zxCCOY1hexsQ==
  dependencies:
    eslint-visitor-keys "^3.4.3"

"@eslint-community/regexpp@^4.11.0":
  version "4.12.2"
  resolved "https://registry.yarnpkg.com/@eslint-community/regexpp/-/regexpp-4.12.2.tgz#bccdf615bcf7b6e8db830ec0b8d21c9a25de597b"
  integrity sha512-EriSTlt5OC9/7SXkRSCAhfSxxoSUgBm33OH+IkwbdpgoqsSsUg7y3uh+IICI/Qg4BBWr3U2i39RpmycbxMq4ew==

enhanced-resolve@^5.17.1:
  version "5.18.4"
  resolved "https://registry.yarnpkg.com/enhanced-resolve/-/enhanced-resolve-5.18.4.tgz#c22d33055f3952035ce6a144ce092447c525f828"
  integrity sha512-LgQMM4WXU3QI+SYgEc2liRgznaD5ojbmY3sb8LxyguVkIg5FxdpTkvk72te2R38/TGKxH634oLxXRGY6d7AP+Q==
  dependencies:
    graceful-fs "^4.2.4"
    tapable "^2.2.0"

eslint-compat-utils@^0.5.1:
  version "0.5.1"
  resolved "https://registry.yarnpkg.com/eslint-compat-utils/-/eslint-compat-utils-0.5.1.tgz#7fc92b776d185a70c4070d03fd26fde3d59652e4"
  integrity sha512-3z3vFexKIEnjHE3zCMRo6fn/e44U7T1khUjg+Hp0ZQMCigh28rALD0nPFBcGZuiLC5rLZa2ubQHDRln09JfU2Q==
  dependencies:
    semver "^7.5.4"

eslint-plugin-es-x@^7.8.0:
  version "7.8.0"
  resolved "https://registry.yarnpkg.com/eslint-plugin-es-x/-/eslint-plugin-es-x-7.8.0.tgz#a207aa08da37a7923f2a9599e6d3eb73f3f92b74"
  integrity sha512-7Ds8+wAAoV3T+LAKeu39Y5BzXCrGKrcISfgKEqTS4BDN8SFEDQd0S43jiQ8vIa3wUKD07qitZdfzlenSi8/0qQ==
  dependencies:
    "@eslint-community/eslint-utils" "^4.1.2"
    "@eslint-community/regexpp" "^4.11.0"
    eslint-compat-utils "^0.5.1"

eslint-plugin-n@17.23.2:
  version "17.23.2"
  resolved "https://registry.yarnpkg.com/eslint-plugin-n/-/eslint-plugin-n-17.23.2.tgz#cd1be342b56771385028d8039d67f11fb9cca5f3"
  integrity sha512-RhWBeb7YVPmNa2eggvJooiuehdL76/bbfj/OJewyoGT80qn5PXdz8zMOTO6YHOsI7byPt7+Ighh/i/4a5/v7hw==
  dependencies:
    "@eslint-community/eslint-utils" "^4.5.0"
    enhanced-resolve "^5.17.1"
    eslint-plugin-es-x "^7.8.0"
    get-tsconfig "^4.8.1"
    globals "^15.11.0"
    globrex "^0.1.2"
    ignore "^5.3.2"
    semver "^7.6.3"
    ts-declaration-location "^1.0.6"

eslint-plugin-security@3.0.1:
  version "3.0.1"
  resolved "https://registry.yarnpkg.com/eslint-plugin-security/-/eslint-plugin-security-3.0.1.tgz#bc52904f77c3b74c3942e12bdb0751831a3223d2"
  integrity sha512-XjVGBhtDZJfyuhIxnQ/WMm385RbX3DBu7H1J7HNNhmB2tnGxMeqVSnYv79oAj992ayvIBZghsymwkYFS6cGH4Q==
  dependencies:
    safe-regex "^2.1.1"

eslint-visitor-keys@^3.4.3:
  version "3.4.3"
  resolved "https://registry.yarnpkg.com/eslint-visitor-keys/-/eslint-visitor-keys-3.4.3.tgz#0cd72fe8550e3c2eae156a96a4dddcd1c8ac5800"
  integrity sha512-wpc+LXeiyiisxPlEkUzU6svyS1frIO3Mgxj1fdy7Pm8Ygzguax2N3Fa/D/ag1WqbOprdI+uY6wMUl8/a2G+iag==

get-tsconfig@^4.8.1:
  version "4.13.1"
  resolved "https://registry.yarnpkg.com/get-tsconfig/-/get-tsconfig-4.13.1.tgz#ff96c0d98967df211c1ebad41f375ccf516c43fa"
  integrity sha512-EoY1N2xCn44xU6750Sx7OjOIT59FkmstNc3X6y5xpz7D5cBtZRe/3pSlTkDJgqsOk3WwZPkWfonhhUJfttQo3w==
  dependencies:
    resolve-pkg-maps "^1.0.0"

globals@^15.11.0:
  version "15.15.0"
  resolved "https://registry.yarnpkg.com/globals/-/globals-15.15.0.tgz#7c4761299d41c32b075715a4ce1ede7897ff72a8"
  integrity sha512-7ACyT3wmyp3I61S4fG682L0VA2RGD9otkqGJIwNUMF1SWUombIIk+af1unuDYgMm082aHYwD+mzJvv9Iu8dsgg==

globrex@^0.1.2:
  version "0.1.2"
  resolved "https://registry.yarnpkg.com/globrex/-/globrex-0.1.2.tgz#dd5d9ec826232730cd6793a5e33a9302985e6098"
  integrity sha512-uHJgbwAMwNFf5mLst7IWLNg14x1CkeqglJb/K3doi4dw6q2IvAAmM/Y81kevy83wP+Sst+nutFTYOGg3d1lsxg==

graceful-fs@^4.2.4:
  version "4.2.11"
  resolved "https://registry.yarnpkg.com/graceful-fs/-/graceful-fs-4.2.11.tgz#4183e4e8bf08bb6e05bbb2f7d2e0c8f712ca40e3"
  integrity sha512-RbJ5/jmFcNNCcDV5o9eTnBLJ/HszWV0P73bc+Ff4nS/rJj+YaS6IGyiOL0VoBYX+l1Wrl3k63h/KrH+nhJ0XvQ==

ignore@^5.3.2:
  version "5.3.2"
  resolved "https://registry.yarnpkg.com/ignore/-/ignore-5.3.2.tgz#3cd40e729f3643fd87cb04e50bf0eb722bc596f5"
  integrity sha512-hsBTNUqQTDwkWtcdYI2i06Y/nUBEsNEDJKjWdigLvegy8kDuJAS8uRlpkkcQpyEXL0Z/pjDy5HBmMjRCJ2gq+g==

picomatch@^4.0.2:
  version "4.0.3"
  resolved "https://registry.yarnpkg.com/picomatch/-/picomatch-4.0.3.tgz#796c76136d1eead715db1e7bad785dedd695a042"
  integrity sha512-5gTmgEY/sqK6gFXLIsQNH19lWb4ebPDLA4SdLP7dsWkIXHWlG66oPuVvXSGFPppYZz8ZDZq0dYYrbHfBCVUb1Q==

regexp-tree@~0.1.1:
  version "0.1.27"
  resolved "https://registry.yarnpkg.com/regexp-tree/-/regexp-tree-0.1.27.tgz#2198f0ef54518ffa743fe74d983b56ffd631b6cd"
  integrity sha512-iETxpjK6YoRWJG5o6hXLwvjYAoW+FEZn9os0PD/b6AP6xQwsa/Y7lCVgIixBbUPMfhu+i2LtdeAqVTgGlQarfA==

resolve-pkg-maps@^1.0.0:
  version "1.0.0"
  resolved "https://registry.yarnpkg.com/resolve-pkg-maps/-/resolve-pkg-maps-1.0.0.tgz#616b3dc2c57056b5588c31cdf4b3d64db133720f"
  integrity sha512-seS2Tj26TBVOC2NIc2rOe2y2ZO7efxITtLZcGSOnHHNOQ7CkiUBfw0Iw2ck6xkIhPwLhKNLS8BO+hEpngQlqzw==

safe-regex@^2.1.1:
  version "2.1.1"
  resolved "https://registry.yarnpkg.com/safe-regex/-/safe-regex-2.1.1.tgz#f7128f00d056e2fe5c11e81a1324dd974aadced2"
  integrity sha512-rx+x8AMzKb5Q5lQ95Zoi6ZbJqwCLkqi3XuJXp5P3rT8OEc6sZCJG5AE5dU3lsgRr/F4Bs31jSlVN+j5KrsGu9A==
  dependencies:
    regexp-tree "~0.1.1"

semver@^7.5.4, semver@^7.6.3:
  version "7.7.3"
  resolved "https://registry.yarnpkg.com/semver/-/semver-7.7.3.tgz#4b5f4143d007633a8dc671cd0a6ef9147b8bb946"
  integrity sha512-SdsKMrI9TdgjdweUSR9MweHA4EJ8YxHn8DFaDisvhVlUOe4BF1tLD7GAj0lIqWVl+dPb/rExr0Btby5loQm20Q==

tapable@^2.2.0:
  version "2.3.0"
  resolved "https://registry.yarnpkg.com/tapable/-/tapable-2.3.0.tgz#7e3ea6d5ca31ba8e078b560f0d83ce9a14aa8be6"
  integrity sha512-g9ljZiwki/LfxmQADO3dEY1CbpmXT5Hm2fJ+QaGKwSXUylMybePR7/67YW7jOrrvjEgL1Fmz5kzyAjWVWLlucg==

ts-declaration-location@^1.0.6:
  version "1.0.7"
  resolved "https://registry.yarnpkg.com/ts-declaration-location/-/ts-declaration-location-1.0.7.tgz#d4068fe9975828b3b453b3ab112b4711d8267688"
  integrity sha512-EDyGAwH1gO0Ausm9gV6T2nUvBgXT5kGoCMJPllOaooZ+4VvJiKBdZE7wK18N1deEowhcUptS+5GXZK8U/fvpwA==
  dependencies:
    picomatch "^4.0.2"
