# THIS IS AN AUTOGENERATED FILE. DO NOT EDIT THIS FILE DIRECTLY.
# yarn lockfile v1


"@emnapi/core@^1.4.3":
  version "1.8.1"
  resolved "https://registry.yarnpkg.com/@emnapi/core/-/core-1.8.1.tgz#fd9efe721a616288345ffee17a1f26ac5dd01349"
  integrity sha512-AvT9QFpxK0Zd8J0jopedNm+w/2fIzvtPKPjqyw9jwvBaReTTqPBk9Hixaz7KbjimP+QNz605/XnjFcDAL2pqBg==
  dependencies:
    "@emnapi/wasi-threads" "1.1.0"
    tslib "^2.4.0"

"@emnapi/runtime@^1.4.3":
  version "1.8.1"
  resolved "https://registry.yarnpkg.com/@emnapi/runtime/-/runtime-1.8.1.tgz#550fa7e3c0d49c5fb175a116e8cd70614f9a22a5"
  integrity sha512-mehfKSMWjjNol8659Z8KxEMrdSJDDot5SXMq00dM8BN4o+CLNXQ0xH2V7EchNHV4RmbZLmmPdEaXZc5H2FXmDg==
  dependencies:
    tslib "^2.4.0"

"@emnapi/wasi-threads@1.1.0":
  version "1.1.0"
  resolved "https://registry.yarnpkg.com/@emnapi/wasi-threads/-/wasi-threads-1.1.0.tgz#60b2102fddc9ccb78607e4a3cf8403ea69be41bf"
  integrity sha512-WI0DdZ8xFSbgMjR1sFsKABJ/C5OnRrjT06JXbZKexJGrDuPTzZdDYfFlsgcCXCyf+suG5QU2e/y1Wo2V/OapLQ==
  dependencies:
    tslib "^2.4.0"

"@eslint-community/eslint-utils@^4.9.1":
  version "4.9.1"
  resolved "https://registry.yarnpkg.com/@eslint-community/eslint-utils/-/eslint-utils-4.9.1.tgz#4e90af67bc51ddee6cdef5284edf572ec376b595"
  integrity sha512-phrYmNiYppR7znFEdqgfWHXR6NCkZEK7hwWDHZUjit/2/U0r6XvkDl0SYnoM51Hq7FhCGdLDT6zxCCOY1hexsQ==
  dependencies:
    eslint-visitor-keys "^3.4.3"

"@eslint-community/regexpp@^4.12.2":
  version "4.12.2"
  resolved "https://registry.yarnpkg.com/@eslint-community/regexpp/-/regexpp-4.12.2.tgz#bccdf615bcf7b6e8db830ec0b8d21c9a25de597b"
  integrity sha512-EriSTlt5OC9/7SXkRSCAhfSxxoSUgBm33OH+IkwbdpgoqsSsUg7y3uh+IICI/Qg4BBWr3U2i39RpmycbxMq4ew==

"@napi-rs/wasm-runtime@^0.2.11":
  version "0.2.12"
  resolved "https://registry.yarnpkg.com/@napi-rs/wasm-runtime/-/wasm-runtime-0.2.12.tgz#3e78a8b96e6c33a6c517e1894efbd5385a7cb6f2"
  integrity sha512-ZVWUcfwY4E/yPitQJl481FjFo3K22D6qF0DuFH6Y/nbnE11GY5uguDxZMGXPQ8WQ0128MXQD7TnfHyK4oWoIJQ==
  dependencies:
    "@emnapi/core" "^1.4.3"
    "@emnapi/runtime" "^1.4.3"
    "@tybys/wasm-util" "^0.10.0"

"@tybys/wasm-util@^0.10.0":
  version "0.10.1"
  resolved "https://registry.yarnpkg.com/@tybys/wasm-util/-/wasm-util-0.10.1.tgz#ecddd3205cf1e2d5274649ff0eedd2991ed7f414"
  integrity sha512-9tTaPJLSiejZKx+Bmog4uSubteqTvFrVrURwkmHixBo0G4seD0zUxp98E1DzUBJxLQ3NPwXrGKDiVjwx/DpPsg==
  dependencies:
    tslib "^2.4.0"

"@typescript-eslint/eslint-plugin@8.53.0":
  version "8.53.0"
  resolved "https://registry.yarnpkg.com/@typescript-eslint/eslint-plugin/-/eslint-plugin-8.53.0.tgz#afb966c66a2fdc6158cf81118204a971a36d0fc5"
  integrity sha512-eEXsVvLPu8Z4PkFibtuFJLJOTAV/nPdgtSjkGoPpddpFk3/ym2oy97jynY6ic2m6+nc5M8SE1e9v/mHKsulcJg==
  dependencies:
    "@eslint-community/regexpp" "^4.12.2"
    "@typescript-eslint/scope-manager" "8.53.0"
    "@typescript-eslint/type-utils" "8.53.0"
    "@typescript-eslint/utils" "8.53.0"
    "@typescript-eslint/visitor-keys" "8.53.0"
    ignore "^7.0.5"
    natural-compare "^1.4.0"
    ts-api-utils "^2.4.0"

"@typescript-eslint/parser@8.53.0":
  version "8.53.0"
  resolved "https://registry.yarnpkg.com/@typescript-eslint/parser/-/parser-8.53.0.tgz#d8bed6f12dc74e03751e5f947510ff2b165990c6"
  integrity sha512-npiaib8XzbjtzS2N4HlqPvlpxpmZ14FjSJrteZpPxGUaYPlvhzlzUZ4mZyABo0EFrOWnvyd0Xxroq//hKhtAWg==
  dependencies:
    "@typescript-eslint/scope-manager" "8.53.0"
    "@typescript-eslint/types" "8.53.0"
    "@typescript-eslint/typescript-estree" "8.53.0"
    "@typescript-eslint/visitor-keys" "8.53.0"
    debug "^4.4.3"

"@typescript-eslint/project-service@8.53.0":
  version "8.53.0"
  resolved "https://registry.yarnpkg.com/@typescript-eslint/project-service/-/project-service-8.53.0.tgz#327c67c61c16a1c8b12a440b0779b41eb77cc7df"
  integrity sha512-Bl6Gdr7NqkqIP5yP9z1JU///Nmes4Eose6L1HwpuVHwScgDPPuEWbUVhvlZmb8hy0vX9syLk5EGNL700WcBlbg==
  dependencies:
    "@typescript-eslint/tsconfig-utils" "^8.53.0"
    "@typescript-eslint/types" "^8.53.0"
    debug "^4.4.3"

"@typescript-eslint/scope-manager@8.53.0":
  version "8.53.0"
  resolved "https://registry.yarnpkg.com/@typescript-eslint/scope-manager/-/scope-manager-8.53.0.tgz#f922fcbf0d42e72f065297af31779ccf19de9a97"
  integrity sha512-kWNj3l01eOGSdVBnfAF2K1BTh06WS0Yet6JUgb9Cmkqaz3Jlu0fdVUjj9UI8gPidBWSMqDIglmEXifSgDT/D0g==
  dependencies:
    "@typescript-eslint/types" "8.53.0"
    "@typescript-eslint/visitor-keys" "8.53.0"

"@typescript-eslint/tsconfig-utils@8.53.0":
  version "8.53.0"
  resolved "https://registry.yarnpkg.com/@typescript-eslint/tsconfig-utils/-/tsconfig-utils-8.53.0.tgz#105279d7969a7abdc8345cc9c57cff83cf910f8f"
  integrity sha512-K6Sc0R5GIG6dNoPdOooQ+KtvT5KCKAvTcY8h2rIuul19vxH5OTQk7ArKkd4yTzkw66WnNY0kPPzzcmWA+XRmiA==

"@typescript-eslint/tsconfig-utils@^8.53.0":
  version "8.54.0"
  resolved "https://registry.yarnpkg.com/@typescript-eslint/tsconfig-utils/-/tsconfig-utils-8.54.0.tgz#71dd7ba1674bd48b172fc4c85b2f734b0eae3dbc"
  integrity sha512-dRgOyT2hPk/JwxNMZDsIXDgyl9axdJI3ogZ2XWhBPsnZUv+hPesa5iuhdYt2gzwA9t8RE5ytOJ6xB0moV0Ujvw==

"@typescript-eslint/type-utils@8.53.0":
  version "8.53.0"
  resolved "https://registry.yarnpkg.com/@typescript-eslint/type-utils/-/type-utils-8.53.0.tgz#81a0de5c01fc68f6df0591d03cd8226bda01c91f"
  integrity sha512-BBAUhlx7g4SmcLhn8cnbxoxtmS7hcq39xKCgiutL3oNx1TaIp+cny51s8ewnKMpVUKQUGb41RAUWZ9kxYdovuw==
  dependencies:
    "@typescript-eslint/types" "8.53.0"
    "@typescript-eslint/typescript-estree" "8.53.0"
    "@typescript-eslint/utils" "8.53.0"
    debug "^4.4.3"
    ts-api-utils "^2.4.0"

"@typescript-eslint/types@8.53.0":
  version "8.53.0"
  resolved "https://registry.yarnpkg.com/@typescript-eslint/types/-/types-8.53.0.tgz#1adcad3fa32bc2c4cbf3785ba07a5e3151819efb"
  integrity sha512-Bmh9KX31Vlxa13+PqPvt4RzKRN1XORYSLlAE+sO1i28NkisGbTtSLFVB3l7PWdHtR3E0mVMuC7JilWJ99m2HxQ==

"@typescript-eslint/types@^8.53.0":
  version "8.54.0"
  resolved "https://registry.yarnpkg.com/@typescript-eslint/types/-/types-8.54.0.tgz#c12d41f67a2e15a8a96fbc5f2d07b17331130889"
  integrity sha512-PDUI9R1BVjqu7AUDsRBbKMtwmjWcn4J3le+5LpcFgWULN3LvHC5rkc9gCVxbrsrGmO1jfPybN5s6h4Jy+OnkAA==

"@typescript-eslint/typescript-estree@8.53.0":
  version "8.53.0"
  resolved "https://registry.yarnpkg.com/@typescript-eslint/typescript-estree/-/typescript-estree-8.53.0.tgz#7805b46b7a8ce97e91b7bb56fc8b1ba26ca8ef52"
  integrity sha512-pw0c0Gdo7Z4xOG987u3nJ8akL9093yEEKv8QTJ+Bhkghj1xyj8cgPaavlr9rq8h7+s6plUJ4QJYw2gCZodqmGw==
  dependencies:
    "@typescript-eslint/project-service" "8.53.0"
    "@typescript-eslint/tsconfig-utils" "8.53.0"
    "@typescript-eslint/types" "8.53.0"
    "@typescript-eslint/visitor-keys" "8.53.0"
    debug "^4.4.3"
    minimatch "^9.0.5"
    semver "^7.7.3"
    tinyglobby "^0.2.15"
    ts-api-utils "^2.4.0"

"@typescript-eslint/utils@8.53.0":
  version "8.53.0"
  resolved "https://registry.yarnpkg.com/@typescript-eslint/utils/-/utils-8.53.0.tgz#bf0a4e2edaf1afc9abce209fc02f8cab0b74af13"
  integrity sha512-XDY4mXTez3Z1iRDI5mbRhH4DFSt46oaIFsLg+Zn97+sYrXACziXSQcSelMybnVZ5pa1P6xYkPr5cMJyunM1ZDA==
  dependencies:
    "@eslint-community/eslint-utils" "^4.9.1"
    "@typescript-eslint/scope-manager" "8.53.0"
    "@typescript-eslint/types" "8.53.0"
    "@typescript-eslint/typescript-estree" "8.53.0"

"@typescript-eslint/visitor-keys@8.53.0":
  version "8.53.0"
  resolved "https://registry.yarnpkg.com/@typescript-eslint/visitor-keys/-/visitor-keys-8.53.0.tgz#9a785664ddae7e3f7e570ad8166e48dbc9c6cf02"
  integrity sha512-LZ2NqIHFhvFwxG0qZeLL9DvdNAHPGCY5dIRwBhyYeU+LfLhcStE1ImjsuTG/WaVh3XysGaeLW8Rqq7cGkPCFvw==
  dependencies:
    "@typescript-eslint/types" "8.53.0"
    eslint-visitor-keys "^4.2.1"

"@unrs/resolver-binding-android-arm-eabi@1.11.1":
  version "1.11.1"
  resolved "https://registry.yarnpkg.com/@unrs/resolver-binding-android-arm-eabi/-/resolver-binding-android-arm-eabi-1.11.1.tgz#9f5b04503088e6a354295e8ea8fe3cb99e43af81"
  integrity sha512-ppLRUgHVaGRWUx0R0Ut06Mjo9gBaBkg3v/8AxusGLhsIotbBLuRk51rAzqLC8gq6NyyAojEXglNjzf6R948DNw==

"@unrs/resolver-binding-android-arm64@1.11.1":
  version "1.11.1"
  resolved "https://registry.yarnpkg.com/@unrs/resolver-binding-android-arm64/-/resolver-binding-android-arm64-1.11.1.tgz#7414885431bd7178b989aedc4d25cccb3865bc9f"
  integrity sha512-lCxkVtb4wp1v+EoN+HjIG9cIIzPkX5OtM03pQYkG+U5O/wL53LC4QbIeazgiKqluGeVEeBlZahHalCaBvU1a2g==

"@unrs/resolver-binding-darwin-arm64@1.11.1":
  version "1.11.1"
  resolved "https://registry.yarnpkg.com/@unrs/resolver-binding-darwin-arm64/-/resolver-binding-darwin-arm64-1.11.1.tgz#b4a8556f42171fb9c9f7bac8235045e82aa0cbdf"
  integrity sha512-gPVA1UjRu1Y/IsB/dQEsp2V1pm44Of6+LWvbLc9SDk1c2KhhDRDBUkQCYVWe6f26uJb3fOK8saWMgtX8IrMk3g==

"@unrs/resolver-binding-darwin-x64@1.11.1":
  version "1.11.1"
  resolved "https://registry.yarnpkg.com/@unrs/resolver-binding-darwin-x64/-/resolver-binding-darwin-x64-1.11.1.tgz#fd4d81257b13f4d1a083890a6a17c00de571f0dc"
  integrity sha512-cFzP7rWKd3lZaCsDze07QX1SC24lO8mPty9vdP+YVa3MGdVgPmFc59317b2ioXtgCMKGiCLxJ4HQs62oz6GfRQ==

"@unrs/resolver-binding-freebsd-x64@1.11.1":
  version "1.11.1"
  resolved "https://registry.yarnpkg.com/@unrs/resolver-binding-freebsd-x64/-/resolver-binding-freebsd-x64-1.11.1.tgz#d2513084d0f37c407757e22f32bd924a78cfd99b"
  integrity sha512-fqtGgak3zX4DCB6PFpsH5+Kmt/8CIi4Bry4rb1ho6Av2QHTREM+47y282Uqiu3ZRF5IQioJQ5qWRV6jduA+iGw==

"@unrs/resolver-binding-linux-arm-gnueabihf@1.11.1":
  version "1.11.1"
  resolved "https://registry.yarnpkg.com/@unrs/resolver-binding-linux-arm-gnueabihf/-/resolver-binding-linux-arm-gnueabihf-1.11.1.tgz#844d2605d057488d77fab09705f2866b86164e0a"
  integrity sha512-u92mvlcYtp9MRKmP+ZvMmtPN34+/3lMHlyMj7wXJDeXxuM0Vgzz0+PPJNsro1m3IZPYChIkn944wW8TYgGKFHw==

"@unrs/resolver-binding-linux-arm-musleabihf@1.11.1":
  version "1.11.1"
  resolved "https://registry.yarnpkg.com/@unrs/resolver-binding-linux-arm-musleabihf/-/resolver-binding-linux-arm-musleabihf-1.11.1.tgz#204892995cefb6bd1d017d52d097193bc61ddad3"
  integrity sha512-cINaoY2z7LVCrfHkIcmvj7osTOtm6VVT16b5oQdS4beibX2SYBwgYLmqhBjA1t51CarSaBuX5YNsWLjsqfW5Cw==

"@unrs/resolver-binding-linux-arm64-gnu@1.11.1":
  version "1.11.1"
  resolved "https://registry.yarnpkg.com/@unrs/resolver-binding-linux-arm64-gnu/-/resolver-binding-linux-arm64-gnu-1.11.1.tgz#023eb0c3aac46066a10be7a3f362e7b34f3bdf9d"
  integrity sha512-34gw7PjDGB9JgePJEmhEqBhWvCiiWCuXsL9hYphDF7crW7UgI05gyBAi6MF58uGcMOiOqSJ2ybEeCvHcq0BCmQ==

"@unrs/resolver-binding-linux-arm64-musl@1.11.1":
  version "1.11.1"
  resolved "https://registry.yarnpkg.com/@unrs/resolver-binding-linux-arm64-musl/-/resolver-binding-linux-arm64-musl-1.11.1.tgz#9e6f9abb06424e3140a60ac996139786f5d99be0"
  integrity sha512-RyMIx6Uf53hhOtJDIamSbTskA99sPHS96wxVE/bJtePJJtpdKGXO1wY90oRdXuYOGOTuqjT8ACccMc4K6QmT3w==

"@unrs/resolver-binding-linux-ppc64-gnu@1.11.1":
  version "1.11.1"
  resolved "https://registry.yarnpkg.com/@unrs/resolver-binding-linux-ppc64-gnu/-/resolver-binding-linux-ppc64-gnu-1.11.1.tgz#b111417f17c9d1b02efbec8e08398f0c5527bb44"
  integrity sha512-D8Vae74A4/a+mZH0FbOkFJL9DSK2R6TFPC9M+jCWYia/q2einCubX10pecpDiTmkJVUH+y8K3BZClycD8nCShA==

"@unrs/resolver-binding-linux-riscv64-gnu@1.11.1":
  version "1.11.1"
  resolved "https://registry.yarnpkg.com/@unrs/resolver-binding-linux-riscv64-gnu/-/resolver-binding-linux-riscv64-gnu-1.11.1.tgz#92ffbf02748af3e99873945c9a8a5ead01d508a9"
  integrity sha512-frxL4OrzOWVVsOc96+V3aqTIQl1O2TjgExV4EKgRY09AJ9leZpEg8Ak9phadbuX0BA4k8U5qtvMSQQGGmaJqcQ==

"@unrs/resolver-binding-linux-riscv64-musl@1.11.1":
  version "1.11.1"
  resolved "https://registry.yarnpkg.com/@unrs/resolver-binding-linux-riscv64-musl/-/resolver-binding-linux-riscv64-musl-1.11.1.tgz#0bec6f1258fc390e6b305e9ff44256cb207de165"
  integrity sha512-mJ5vuDaIZ+l/acv01sHoXfpnyrNKOk/3aDoEdLO/Xtn9HuZlDD6jKxHlkN8ZhWyLJsRBxfv9GYM2utQ1SChKew==

"@unrs/resolver-binding-linux-s390x-gnu@1.11.1":
  version "1.11.1"
  resolved "https://registry.yarnpkg.com/@unrs/resolver-binding-linux-s390x-gnu/-/resolver-binding-linux-s390x-gnu-1.11.1.tgz#577843a084c5952f5906770633ccfb89dac9bc94"
  integrity sha512-kELo8ebBVtb9sA7rMe1Cph4QHreByhaZ2QEADd9NzIQsYNQpt9UkM9iqr2lhGr5afh885d/cB5QeTXSbZHTYPg==

"@unrs/resolver-binding-linux-x64-gnu@1.11.1":
  version "1.11.1"
  resolved "https://registry.yarnpkg.com/@unrs/resolver-binding-linux-x64-gnu/-/resolver-binding-linux-x64-gnu-1.11.1.tgz#36fb318eebdd690f6da32ac5e0499a76fa881935"
  integrity sha512-C3ZAHugKgovV5YvAMsxhq0gtXuwESUKc5MhEtjBpLoHPLYM+iuwSj3lflFwK3DPm68660rZ7G8BMcwSro7hD5w==

"@unrs/resolver-binding-linux-x64-musl@1.11.1":
  version "1.11.1"
  resolved "https://registry.yarnpkg.com/@unrs/resolver-binding-linux-x64-musl/-/resolver-binding-linux-x64-musl-1.11.1.tgz#bfb9af75f783f98f6a22c4244214efe4df1853d6"
  integrity sha512-rV0YSoyhK2nZ4vEswT/QwqzqQXw5I6CjoaYMOX0TqBlWhojUf8P94mvI7nuJTeaCkkds3QE4+zS8Ko+GdXuZtA==

"@unrs/resolver-binding-wasm32-wasi@1.11.1":
  version "1.11.1"
  resolved "https://registry.yarnpkg.com/@unrs/resolver-binding-wasm32-wasi/-/resolver-binding-wasm32-wasi-1.11.1.tgz#752c359dd875684b27429500d88226d7cc72f71d"
  integrity sha512-5u4RkfxJm+Ng7IWgkzi3qrFOvLvQYnPBmjmZQ8+szTK/b31fQCnleNl1GgEt7nIsZRIf5PLhPwT0WM+q45x/UQ==
  dependencies:
    "@napi-rs/wasm-runtime" "^0.2.11"

"@unrs/resolver-binding-win32-arm64-msvc@1.11.1":
  version "1.11.1"
  resolved "https://registry.yarnpkg.com/@unrs/resolver-binding-win32-arm64-msvc/-/resolver-binding-win32-arm64-msvc-1.11.1.tgz#ce5735e600e4c2fbb409cd051b3b7da4a399af35"
  integrity sha512-nRcz5Il4ln0kMhfL8S3hLkxI85BXs3o8EYoattsJNdsX4YUU89iOkVn7g0VHSRxFuVMdM4Q1jEpIId1Ihim/Uw==

"@unrs/resolver-binding-win32-ia32-msvc@1.11.1":
  version "1.11.1"
  resolved "https://registry.yarnpkg.com/@unrs/resolver-binding-win32-ia32-msvc/-/resolver-binding-win32-ia32-msvc-1.11.1.tgz#72fc57bc7c64ec5c3de0d64ee0d1810317bc60a6"
  integrity sha512-DCEI6t5i1NmAZp6pFonpD5m7i6aFrpofcp4LA2i8IIq60Jyo28hamKBxNrZcyOwVOZkgsRp9O2sXWBWP8MnvIQ==

"@unrs/resolver-binding-win32-x64-msvc@1.11.1":
  version "1.11.1"
  resolved "https://registry.yarnpkg.com/@unrs/resolver-binding-win32-x64-msvc/-/resolver-binding-win32-x64-msvc-1.11.1.tgz#538b1e103bf8d9864e7b85cc96fa8d6fb6c40777"
  integrity sha512-lrW200hZdbfRtztbygyaq/6jP6AKE8qQN2KvPcJ+x7wiD038YtnYtZ82IMNJ69GJibV7bwL3y9FgK+5w/pYt6g==

balanced-match@^1.0.0:
  version "1.0.2"
  resolved "https://registry.yarnpkg.com/balanced-match/-/balanced-match-1.0.2.tgz#e83e3a7e3f300b34cb9d87f615fa0cbf357690ee"
  integrity sha512-3oSeUO0TMV67hN1AmbXsK4yaqU7tjiHlbxRDZOpH0KW9+CeX4bRAaX0Anxt0tx2MrpRpWwQaPwIlISEJhYU5Pw==

brace-expansion@^2.0.1:
  version "2.0.1"
  resolved "https://registry.yarnpkg.com/brace-expansion/-/brace-expansion-2.0.1.tgz#1edc459e0f0c548486ecf9fc99f2221364b9a0ae"
  integrity sha512-XnAIvQ8eM+kC6aULx6wuQiwVsnzsi9d3WxzV3FpWTGA19F621kwdbsAcFKXgKUHZWsy+mY6iL1sHTxWEFCytDA==
  dependencies:
    balanced-match "^1.0.0"

debug@^4.4.1, debug@^4.4.3:
  version "4.4.3"
  resolved "https://registry.yarnpkg.com/debug/-/debug-4.4.3.tgz#c6ae432d9bd9662582fce08709b038c58e9e3d6a"
  integrity sha512-RGwwWnwQvkVfavKVt22FGLw+xYSdzARwm0ru6DhTVA3umU5hZc28V3kO4stgYryrTlLpuvgI9GiijltAjNbcqA==
  dependencies:
    ms "^2.1.3"

eslint-import-context@^0.1.8:
  version "0.1.9"
  resolved "https://registry.yarnpkg.com/eslint-import-context/-/eslint-import-context-0.1.9.tgz#967b0b2f0a90ef4b689125e088f790f0b7756dbe"
  integrity sha512-K9Hb+yRaGAGUbwjhFNHvSmmkZs9+zbuoe3kFQ4V1wYjrepUFYM2dZAfNtjbbj3qsPfUfsA68Bx/ICWQMi+C8Eg==
  dependencies:
    get-tsconfig "^4.10.1"
    stable-hash-x "^0.2.0"

eslint-import-resolver-typescript@4.4.4:
  version "4.4.4"
  resolved "https://registry.yarnpkg.com/eslint-import-resolver-typescript/-/eslint-import-resolver-typescript-4.4.4.tgz#3e83a9c25f4a053fe20e1b07b47e04e8519a8720"
  integrity sha512-1iM2zeBvrYmUNTj2vSC/90JTHDth+dfOfiNKkxApWRsTJYNrc8rOdxxIf5vazX+BiAXTeOT0UvWpGI/7qIWQOw==
  dependencies:
    debug "^4.4.1"
    eslint-import-context "^0.1.8"
    get-tsconfig "^4.10.1"
    is-bun-module "^2.0.0"
    stable-hash-x "^0.2.0"
    tinyglobby "^0.2.14"
    unrs-resolver "^1.7.11"

eslint-visitor-keys@^3.4.3:
  version "3.4.3"
  resolved "https://registry.yarnpkg.com/eslint-visitor-keys/-/eslint-visitor-keys-3.4.3.tgz#0cd72fe8550e3c2eae156a96a4dddcd1c8ac5800"
  integrity sha512-wpc+LXeiyiisxPlEkUzU6svyS1frIO3Mgxj1fdy7Pm8Ygzguax2N3Fa/D/ag1WqbOprdI+uY6wMUl8/a2G+iag==

eslint-visitor-keys@^4.2.1:
  version "4.2.1"
  resolved "https://registry.yarnpkg.com/eslint-visitor-keys/-/eslint-visitor-keys-4.2.1.tgz#4cfea60fe7dd0ad8e816e1ed026c1d5251b512c1"
  integrity sha512-Uhdk5sfqcee/9H/rCOJikYz67o0a2Tw2hGRPOG2Y1R2dg7brRe1uG0yaNQDHu+TO/uQPF/5eCapvYSmHUjt7JQ==

fdir@^6.5.0:
  version "6.5.0"
  resolved "https://registry.yarnpkg.com/fdir/-/fdir-6.5.0.tgz#ed2ab967a331ade62f18d077dae192684d50d350"
  integrity sha512-tIbYtZbucOs0BRGqPJkshJUYdL+SDH7dVM8gjy+ERp3WAUjLEFJE+02kanyHtwjWOnwrKYBiwAmM0p4kLJAnXg==

get-tsconfig@^4.10.1:
  version "4.13.1"
  resolved "https://registry.yarnpkg.com/get-tsconfig/-/get-tsconfig-4.13.1.tgz#ff96c0d98967df211c1ebad41f375ccf516c43fa"
  integrity sha512-EoY1N2xCn44xU6750Sx7OjOIT59FkmstNc3X6y5xpz7D5cBtZRe/3pSlTkDJgqsOk3WwZPkWfonhhUJfttQo3w==
  dependencies:
    resolve-pkg-maps "^1.0.0"

ignore@^7.0.5:
  version "7.0.5"
  resolved "https://registry.yarnpkg.com/ignore/-/ignore-7.0.5.tgz#4cb5f6cd7d4c7ab0365738c7aea888baa6d7efd9"
  integrity sha512-Hs59xBNfUIunMFgWAbGX5cq6893IbWg4KnrjbYwX3tx0ztorVgTDA6B2sxf8ejHJ4wz8BqGUMYlnzNBer5NvGg==

is-bun-module@^2.0.0:
  version "2.0.0"
  resolved "https://registry.yarnpkg.com/is-bun-module/-/is-bun-module-2.0.0.tgz#4d7859a87c0fcac950c95e666730e745eae8bddd"
  integrity sha512-gNCGbnnnnFAUGKeZ9PdbyeGYJqewpmc2aKHUEMO5nQPWU9lOmv7jcmQIv+qHD8fXW6W7qfuCwX4rY9LNRjXrkQ==
  dependencies:
    semver "^7.7.1"

minimatch@^9.0.5:
  version "9.0.5"
  resolved "https://registry.yarnpkg.com/minimatch/-/minimatch-9.0.5.tgz#d74f9dd6b57d83d8e98cfb82133b03978bc929e5"
  integrity sha512-G6T0ZX48xgozx7587koeX9Ys2NYy6Gmv//P89sEte9V9whIapMNF4idKxnW2QtCcLiTWlb/wfCabAtAFWhhBow==
  dependencies:
    brace-expansion "^2.0.1"

ms@^2.1.3:
  version "2.1.3"
  resolved "https://registry.yarnpkg.com/ms/-/ms-2.1.3.tgz#574c8138ce1d2b5861f0b44579dbadd60c6615b2"
  integrity sha512-6FlzubTLZG3J2a/NVCAleEhjzq5oxgHyaCU9yYXvcLsvoVaHJq/s5xXI6/XXP6tz7R9xAOtHnSO/tXtF3WRTlA==

napi-postinstall@^0.3.0:
  version "0.3.4"
  resolved "https://registry.yarnpkg.com/napi-postinstall/-/napi-postinstall-0.3.4.tgz#7af256d6588b5f8e952b9190965d6b019653bbb9"
  integrity sha512-PHI5f1O0EP5xJ9gQmFGMS6IZcrVvTjpXjz7Na41gTE7eE2hK11lg04CECCYEEjdc17EV4DO+fkGEtt7TpTaTiQ==

natural-compare@^1.4.0:
  version "1.4.0"
  resolved "https://registry.yarnpkg.com/natural-compare/-/natural-compare-1.4.0.tgz#4abebfeed7541f2c27acfb29bdbbd15c8d5ba4f7"
  integrity sha512-OWND8ei3VtNC9h7V60qff3SVobHr996CTwgxubgyQYEpg290h9J0buyECNNJexkFm5sOajh5G116RYA1c8ZMSw==

picomatch@^4.0.3:
  version "4.0.3"
  resolved "https://registry.yarnpkg.com/picomatch/-/picomatch-4.0.3.tgz#796c76136d1eead715db1e7bad785dedd695a042"
  integrity sha512-5gTmgEY/sqK6gFXLIsQNH19lWb4ebPDLA4SdLP7dsWkIXHWlG66oPuVvXSGFPppYZz8ZDZq0dYYrbHfBCVUb1Q==

resolve-pkg-maps@^1.0.0:
  version "1.0.0"
  resolved "https://registry.yarnpkg.com/resolve-pkg-maps/-/resolve-pkg-maps-1.0.0.tgz#616b3dc2c57056b5588c31cdf4b3d64db133720f"
  integrity sha512-seS2Tj26TBVOC2NIc2rOe2y2ZO7efxITtLZcGSOnHHNOQ7CkiUBfw0Iw2ck6xkIhPwLhKNLS8BO+hEpngQlqzw==

semver@^7.7.1, semver@^7.7.3:
  version "7.7.3"
  resolved "https://registry.yarnpkg.com/semver/-/semver-7.7.3.tgz#4b5f4143d007633a8dc671cd0a6ef9147b8bb946"
  integrity sha512-SdsKMrI9TdgjdweUSR9MweHA4EJ8YxHn8DFaDisvhVlUOe4BF1tLD7GAj0lIqWVl+dPb/rExr0Btby5loQm20Q==

stable-hash-x@^0.2.0:
  version "0.2.0"
  resolved "https://registry.yarnpkg.com/stable-hash-x/-/stable-hash-x-0.2.0.tgz#dfd76bfa5d839a7470125c6a6b3c8b22061793e9"
  integrity sha512-o3yWv49B/o4QZk5ZcsALc6t0+eCelPc44zZsLtCQnZPDwFpDYSWcDnrv2TtMmMbQ7uKo3J0HTURCqckw23czNQ==

tinyglobby@^0.2.14, tinyglobby@^0.2.15:
  version "0.2.15"
  resolved "https://registry.yarnpkg.com/tinyglobby/-/tinyglobby-0.2.15.tgz#e228dd1e638cea993d2fdb4fcd2d4602a79951c2"
  integrity sha512-j2Zq4NyQYG5XMST4cbs02Ak8iJUdxRM0XI5QyxXuZOzKOINmWurp3smXu3y5wDcJrptwpSjgXHzIQxR0omXljQ==
  dependencies:
    fdir "^6.5.0"
    picomatch "^4.0.3"

ts-api-utils@^2.4.0:
  version "2.4.0"
  resolved "https://registry.yarnpkg.com/ts-api-utils/-/ts-api-utils-2.4.0.tgz#2690579f96d2790253bdcf1ca35d569ad78f9ad8"
  integrity sha512-3TaVTaAv2gTiMB35i3FiGJaRfwb3Pyn/j3m/bfAvGe8FB7CF6u+LMYqYlDh7reQf7UNvoTvdfAqHGmPGOSsPmA==

tslib@^2.4.0:
  version "2.8.1"
  resolved "https://registry.yarnpkg.com/tslib/-/tslib-2.8.1.tgz#612efe4ed235d567e8aba5f2a5fab70280ade83f"
  integrity sha512-oJFu94HQb+KVduSUQL7wnpmqnfmLsOA/nAh6b6EH0wCEoK0/mPeXU6c3wKDV83MkOuHPRHtSXKKU99IBazS/2w==

typescript-eslint@8.53.0:
  version "8.53.0"
  resolved "https://registry.yarnpkg.com/typescript-eslint/-/typescript-eslint-8.53.0.tgz#c35ca6403cd381753aee325f67e10d6101d55f04"
  integrity sha512-xHURCQNxZ1dsWn0sdOaOfCSQG0HKeqSj9OexIxrz6ypU6wHYOdX2I3D2b8s8wFSsSOYJb+6q283cLiLlkEsBYw==
  dependencies:
    "@typescript-eslint/eslint-plugin" "8.53.0"
    "@typescript-eslint/parser" "8.53.0"
    "@typescript-eslint/typescript-estree" "8.53.0"
    "@typescript-eslint/utils" "8.53.0"

unrs-resolver@^1.7.11:
  version "1.11.1"
  resolved "https://registry.yarnpkg.com/unrs-resolver/-/unrs-resolver-1.11.1.tgz#be9cd8686c99ef53ecb96df2a473c64d304048a9"
  integrity sha512-bSjt9pjaEBnNiGgc9rUiHGKv5l4/TGzDmYw3RhnkJGtLhbnnA/5qJj7x3dNDCRx/PJxu774LlH8lCOlB4hEfKg==
  dependencies:
    napi-postinstall "^0.3.0"
  optionalDependencies:
    "@unrs/resolver-binding-android-arm-eabi" "1.11.1"
    "@unrs/resolver-binding-android-arm64" "1.11.1"
    "@unrs/resolver-binding-darwin-arm64" "1.11.1"
    "@unrs/resolver-binding-darwin-x64" "1.11.1"
    "@unrs/resolver-binding-freebsd-x64" "1.11.1"
    "@unrs/resolver-binding-linux-arm-gnueabihf" "1.11.1"
    "@unrs/resolver-binding-linux-arm-musleabihf" "1.11.1"
    "@unrs/resolver-binding-linux-arm64-gnu" "1.11.1"
    "@unrs/resolver-binding-linux-arm64-musl" "1.11.1"
    "@unrs/resolver-binding-linux-ppc64-gnu" "1.11.1"
    "@unrs/resolver-binding-linux-riscv64-gnu" "1.11.1"
    "@unrs/resolver-binding-linux-riscv64-musl" "1.11.1"
    "@unrs/resolver-binding-linux-s390x-gnu" "1.11.1"
    "@unrs/resolver-binding-linux-x64-gnu" "1.11.1"
    "@unrs/resolver-binding-linux-x64-musl" "1.11.1"
    "@unrs/resolver-binding-wasm32-wasi" "1.11.1"
    "@unrs/resolver-binding-win32-arm64-msvc" "1.11.1"
    "@unrs/resolver-binding-win32-ia32-msvc" "1.11.1"
    "@unrs/resolver-binding-win32-x64-msvc" "1.11.1"
