# THIS IS AN AUTOGENERATED FILE. DO NOT EDIT THIS FILE DIRECTLY.
# yarn lockfile v1


"@commitlint/config-conventional@16.0.0":
  version "16.0.0"
  resolved "https://registry.yarnpkg.com/@commitlint/config-conventional/-/config-conventional-16.0.0.tgz#f42d9e1959416b5e691c8b5248fc2402adb1fc03"
  integrity sha512-mN7J8KlKFn0kROd+q9PB01sfDx/8K/R25yITspL1No8PB4oj9M1p77xWjP80hPydqZG9OvQq+anXK3ZWeR7s3g==
  dependencies:
    conventional-changelog-conventionalcommits "^4.3.1"

array-ify@^1.0.0:
  version "1.0.0"
  resolved "https://registry.yarnpkg.com/array-ify/-/array-ify-1.0.0.tgz#9e528762b4a9066ad163a6962a364418e9626ece"
  integrity sha1-nlKHYrSpBmrRY6aWKjZEGOlibs4=

compare-func@^2.0.0:
  version "2.0.0"
  resolved "https://registry.yarnpkg.com/compare-func/-/compare-func-2.0.0.tgz#fb65e75edbddfd2e568554e8b5b05fff7a51fcb3"
  integrity sha512-zHig5N+tPWARooBnb0Zx1MFcdfpyJrfTJ3Y5L+IFvUm8rM74hHz66z0gw0x4tijh5CorKkKUCnW82R2vmpeCRA==
  dependencies:
    array-ify "^1.0.0"
    dot-prop "^5.1.0"

conventional-changelog-conventionalcommits@^4.3.1:
  version "4.5.0"
  resolved "https://registry.yarnpkg.com/conventional-changelog-conventionalcommits/-/conventional-changelog-conventionalcommits-4.5.0.tgz#a02e0b06d11d342fdc0f00c91d78265ed0bc0a62"
  integrity sha512-buge9xDvjjOxJlyxUnar/+6i/aVEVGA7EEh4OafBCXPlLUQPGbRUBhBUveWRxzvR8TEjhKEP4BdepnpG2FSZXw==
  dependencies:
    compare-func "^2.0.0"
    lodash "^4.17.15"
    q "^1.5.1"

dot-prop@^5.1.0:
  version "5.3.0"
  resolved "https://registry.yarnpkg.com/dot-prop/-/dot-prop-5.3.0.tgz#90ccce708cd9cd82cc4dc8c3ddd9abdd55b20e88"
  integrity sha512-QM8q3zDe58hqUqjraQOmzZ1LIH9SWQJTlEKCH4kJ2oQvLZk7RbQXvtDM2XEq3fwkV9CCvvH4LA0AV+ogFsBM2Q==
  dependencies:
    is-obj "^2.0.0"

is-obj@^2.0.0:
  version "2.0.0"
  resolved "https://registry.yarnpkg.com/is-obj/-/is-obj-2.0.0.tgz#473fb05d973705e3fd9620545018ca8e22ef4982"
  integrity sha512-drqDG3cbczxxEJRoOXcOjtdp1J/lyp1mNn0xaznRs8+muBhgQcrnbspox5X5fOw0HnMnbfDzvnEMEtqDEJEo8w==

lodash@^4.17.15:
  version "4.17.20"
  resolved "https://registry.yarnpkg.com/lodash/-/lodash-4.17.20.tgz#b44a9b6297bcb698f1c51a3545a2b3b368d59c52"
  integrity sha512-PlhdFcillOINfeV7Ni6oF1TAEayyZBoZ8bcshTHqOYJYlrqzRK5hagpagky5o4HfCzzd1TRkXPMFq6cKk9rGmA==

q@^1.5.1:
  version "1.5.1"
  resolved "https://registry.yarnpkg.com/q/-/q-1.5.1.tgz#7e32f75b41381291d04611f1bf14109ac00651d7"
  integrity sha1-fjL3W0E4EpHQRhHxvxQQmsAGUdc=
