# THIS IS AN AUTOGENERATED FILE. DO NOT EDIT THIS FILE DIRECTLY.
# yarn lockfile v1


"@commitlint/config-conventional@20.4.0":
  version "20.4.0"
  resolved "https://registry.yarnpkg.com/@commitlint/config-conventional/-/config-conventional-20.4.0.tgz#6522e0059e1ad6169b756c2ed0e42b21dab729b1"
  integrity sha512-nolhFe2YKIix0D4+tPXAWnnIc9WB5fOCgmm4h2EcRyEShC64oH/DpM9n++85NRdItvIhKb+Szsaeuug7KcEeIA==
  dependencies:
    "@commitlint/types" "^20.4.0"
    conventional-changelog-conventionalcommits "^9.1.0"

"@commitlint/types@^20.4.0":
  version "20.4.0"
  resolved "https://registry.yarnpkg.com/@commitlint/types/-/types-20.4.0.tgz#f8a1cf83b17db4f7de56940880873bca7480be59"
  integrity sha512-aO5l99BQJ0X34ft8b0h7QFkQlqxC6e7ZPVmBKz13xM9O8obDaM1Cld4sQlJDXXU/VFuUzQ30mVtHjVz74TuStw==
  dependencies:
    conventional-commits-parser "^6.2.1"
    picocolors "^1.1.1"

array-ify@^1.0.0:
  version "1.0.0"
  resolved "https://registry.yarnpkg.com/array-ify/-/array-ify-1.0.0.tgz#9e528762b4a9066ad163a6962a364418e9626ece"
  integrity sha1-nlKHYrSpBmrRY6aWKjZEGOlibs4=

compare-func@^2.0.0:
  version "2.0.0"
  resolved "https://registry.yarnpkg.com/compare-func/-/compare-func-2.0.0.tgz#fb65e75edbddfd2e568554e8b5b05fff7a51fcb3"
  integrity sha512-zHig5N+tPWARooBnb0Zx1MFcdfpyJrfTJ3Y5L+IFvUm8rM74hHz66z0gw0x4tijh5CorKkKUCnW82R2vmpeCRA==
  dependencies:
    array-ify "^1.0.0"
    dot-prop "^5.1.0"

conventional-changelog-conventionalcommits@^9.1.0:
  version "9.1.0"
  resolved "https://registry.yarnpkg.com/conventional-changelog-conventionalcommits/-/conventional-changelog-conventionalcommits-9.1.0.tgz#34e5f35c80c1375a5464df2a8067a1facbb2d858"
  integrity sha512-MnbEysR8wWa8dAEvbj5xcBgJKQlX/m0lhS8DsyAAWDHdfs2faDJxTgzRYlRYpXSe7UiKrIIlB4TrBKU9q9DgkA==
  dependencies:
    compare-func "^2.0.0"

conventional-commits-parser@^6.2.1:
  version "6.2.1"
  resolved "https://registry.yarnpkg.com/conventional-commits-parser/-/conventional-commits-parser-6.2.1.tgz#855e53c4792b1feaf93649eff5d75e0dbc2c63ad"
  integrity sha512-20pyHgnO40rvfI0NGF/xiEoFMkXDtkF8FwHvk5BokoFoCuTQRI8vrNCNFWUOfuolKJMm1tPCHc8GgYEtr1XRNA==
  dependencies:
    meow "^13.0.0"

dot-prop@^5.1.0:
  version "5.3.0"
  resolved "https://registry.yarnpkg.com/dot-prop/-/dot-prop-5.3.0.tgz#90ccce708cd9cd82cc4dc8c3ddd9abdd55b20e88"
  integrity sha512-QM8q3zDe58hqUqjraQOmzZ1LIH9SWQJTlEKCH4kJ2oQvLZk7RbQXvtDM2XEq3fwkV9CCvvH4LA0AV+ogFsBM2Q==
  dependencies:
    is-obj "^2.0.0"

is-obj@^2.0.0:
  version "2.0.0"
  resolved "https://registry.yarnpkg.com/is-obj/-/is-obj-2.0.0.tgz#473fb05d973705e3fd9620545018ca8e22ef4982"
  integrity sha512-drqDG3cbczxxEJRoOXcOjtdp1J/lyp1mNn0xaznRs8+muBhgQcrnbspox5X5fOw0HnMnbfDzvnEMEtqDEJEo8w==

meow@^13.0.0:
  version "13.2.0"
  resolved "https://registry.yarnpkg.com/meow/-/meow-13.2.0.tgz#6b7d63f913f984063b3cc261b6e8800c4cd3474f"
  integrity sha512-pxQJQzB6djGPXh08dacEloMFopsOqGVRKFPYvPOt9XDZ1HasbgDZA74CJGreSU4G3Ak7EFJGoiH2auq+yXISgA==

picocolors@^1.1.1:
  version "1.1.1"
  resolved "https://registry.yarnpkg.com/picocolors/-/picocolors-1.1.1.tgz#3d321af3eab939b083c8f929a1d12cda81c26b6b"
  integrity sha512-xceH2snhtb5M9liqDsmEw56le376mTZkEX/jEb/RxNFyegNul7eNslCXP9FDj/Lcu0X8KEyMceP2ntpaHrDEVA==
